Microsoft Visual Studio Solution File, Format Version 12.00
# Visual Studio Version 17
VisualStudioVersion = 17.5.2.0
MinimumVisualStudioVersion = 10.0.40219.1
Project("{FAE04EC0-301F-11D3-BF4B-00C04F79EFBC}") = "QdrantRAG", "QdrantRAG.csproj", "{F6657D27-6DD0-7AB7-912C-E9FD24DE3826}"
EndProject
Global
	GlobalSection(SolutionConfigurationPlatforms) = preSolution
		Debug|Any CPU = Debug|Any CPU
		Release|Any CPU = Release|Any CPU
	EndGlobalSection
	GlobalSection(ProjectConfigurationPlatforms) = postSolution
		{F6657D27-6DD0-7AB7-912C-E9FD24DE3826}.Debug|Any CPU.ActiveCfg = Debug|Any CPU
		{F6657D27-6DD0-7AB7-912C-E9FD24DE3826}.Debug|Any CPU.Build.0 = Debug|Any CPU
		{F6657D27-6DD0-7AB7-912C-E9FD24DE3826}.Release|Any CPU.ActiveCfg = Release|Any CPU
		{F6657D27-6DD0-7AB7-912C-E9FD24DE3826}.Release|Any CPU.Build.0 = Release|Any CPU
	EndGlobalSection
	GlobalSection(SolutionProperties) = preSolution
		HideSolutionNode = FALSE
	EndGlobalSection
	GlobalSection(ExtensibilityGlobals) = postSolution
		SolutionGuid = {33734048-C26D-4C56-83E0-28A59684E4C9}
	EndGlobalSection
EndGlobal
